
Microsoft Visual Studio Solution File, Format Version 12.00
# Visual Studio Version 16
VisualStudioVersion = 16.0.31019.35
MinimumVisualStudioVersion = 10.0.40219.1
Project("{FAE04EC0-301F-11D3-BF4B-00C04F79EFBC}") = "NiaMockApi", "NiaMockApi\NiaMockApi.csproj", "{33A8B0CF-DBFD-49A1-9385-12049DA7EC36}"
EndProject
Global
	GlobalSection(SolutionConfigurationPlatforms) = preSolution
		Debug|Any CPU = Debug|Any CPU
		Release|Any CPU = Release|Any CPU
	EndGlobalSection
	GlobalSection(ProjectConfigurationPlatforms) = postSolution
		{33A8B0CF-DBFD-49A1-9385-12049DA7EC36}.Debug|Any CPU.ActiveCfg = Debug|Any CPU
		{33A8B0CF-DBFD-49A1-9385-12049DA7EC36}.Debug|Any CPU.Build.0 = Debug|Any CPU
		{33A8B0CF-DBFD-49A1-9385-12049DA7EC36}.Release|Any CPU.ActiveCfg = Release|Any CPU
		{33A8B0CF-DBFD-49A1-9385-12049DA7EC36}.Release|Any CPU.Build.0 = Release|Any CPU
	EndGlobalSection
	GlobalSection(SolutionProperties) = preSolution
		HideSolutionNode = FALSE
	EndGlobalSection
	GlobalSection(ExtensibilityGlobals) = postSolution
		SolutionGuid = {111F1571-F7A0-43B3-9075-00E452BECCF7}
	EndGlobalSection
EndGlobal
